
Microsoft Visual Studio Solution File, Format Version 12.00
# Visual Studio Version 17
VisualStudioVersion = 17.2.32630.192
MinimumVisualStudioVersion = 10.0.40219.1
Project("{9A19103F-16F7-4668-BE54-9A1E7A4F7556}") = "R5T.L0087.Construction", "R5T.L0087.Construction\R5T.L0087.Construction.csproj", "{D30B4F19-1336-44D0-A4CD-164F13A9D4ED}"
EndProject
Project("{9A19103F-16F7-4668-BE54-9A1E7A4F7556}") = "R5T.L0087", "R5T.L0087\R5T.L0087.csproj", "{CE5BA8A2-0837-4F86-B11F-6FA4B55FB50E}"
EndProject
Project("{9A19103F-16F7-4668-BE54-9A1E7A4F7556}") = "R5T.L0087.T000", "R5T.L0087.T000/R5T.L0087.T000.csproj", "{71BFF6CC-C783-4E9A-A3F7-D5553B0DDEBF}"
EndProject
Project("{2150E333-8FDC-42A3-9474-1A3956D46DE8}") = "_Dependencies", "_Dependencies", "{4E4DD7FF-4CF9-43CF-BF99-6BADA539EF31}"
EndProject
Project("{9A19103F-16F7-4668-BE54-9A1E7A4F7556}") = "R5T.F0000", "../../R5T.F0000/source/R5T.F0000/R5T.F0000.csproj", "{A313E7EF-E07F-478C-8B5C-F9FDE7EB4B5E}"
EndProject
Project("{9A19103F-16F7-4668-BE54-9A1E7A4F7556}") = "R5T.F0002", "../../R5T.F0002/source/R5T.F0002/R5T.F0002.csproj", "{D0758AF2-5D30-4A5A-9D37-50886A1CA8CF}"
EndProject
Project("{9A19103F-16F7-4668-BE54-9A1E7A4F7556}") = "R5T.F0059", "../../R5T.F0059/source/R5T.F0059/R5T.F0059.csproj", "{D6117BF0-0B36-4A6A-B51F-5EA79C550194}"
EndProject
Project("{9A19103F-16F7-4668-BE54-9A1E7A4F7556}") = "R5T.F0120", "../../R5T.F0120/source/R5T.F0120/R5T.F0120.csproj", "{DE01CCE5-7D82-4EFC-8007-6A3AB96CAED4}"
EndProject
Project("{9A19103F-16F7-4668-BE54-9A1E7A4F7556}") = "R5T.F0124", "../../R5T.F0124/source/R5T.F0124/R5T.F0124.csproj", "{4A9E18A1-EED4-4243-91C9-56CD32803E89}"
EndProject
Project("{9A19103F-16F7-4668-BE54-9A1E7A4F7556}") = "R5T.F0125", "../../R5T.F0125/source/R5T.F0125/R5T.F0125.csproj", "{0AD4B0AA-199C-4C7B-BBC5-9BAB69683765}"
EndProject
Project("{9A19103F-16F7-4668-BE54-9A1E7A4F7556}") = "R5T.L0030.T000", "../../R5T.L0030/source/R5T.L0030.T000/R5T.L0030.T000.csproj", "{D574B161-1C03-41BC-8B5A-329243E94771}"
EndProject
Project("{9A19103F-16F7-4668-BE54-9A1E7A4F7556}") = "R5T.L0030", "../../R5T.L0030/source/R5T.L0030/R5T.L0030.csproj", "{8F87CD0F-159E-4D81-8584-1F43C043CDB2}"
EndProject
Project("{9A19103F-16F7-4668-BE54-9A1E7A4F7556}") = "R5T.L0034", "../../R5T.L0034/source/R5T.L0034/R5T.L0034.csproj", "{52F44798-F51E-4114-9E46-839EE5688BAE}"
EndProject
Project("{9A19103F-16F7-4668-BE54-9A1E7A4F7556}") = "R5T.L0035", "../../R5T.L0035/source/R5T.L0035/R5T.L0035.csproj", "{C4AF36D6-926E-436B-930A-7E7153EBB4EC}"
EndProject
Project("{9A19103F-16F7-4668-BE54-9A1E7A4F7556}") = "R5T.L0053", "../../R5T.L0053/source/R5T.L0053/R5T.L0053.csproj", "{BC21FC95-8AAB-4EF0-9BFA-9A8D05B76827}"
EndProject
Project("{9A19103F-16F7-4668-BE54-9A1E7A4F7556}") = "R5T.L0056", "../../R5T.L0056/source/R5T.L0056/R5T.L0056.csproj", "{16F1369B-3ABD-4876-A4F3-F5003A72006C}"
EndProject
Project("{9A19103F-16F7-4668-BE54-9A1E7A4F7556}") = "R5T.L0066", "../../R5T.L0066/source/R5T.L0066/R5T.L0066.csproj", "{876FA7B6-B0ED-49E5-B06B-9B78902A5F8F}"
EndProject
Project("{9A19103F-16F7-4668-BE54-9A1E7A4F7556}") = "R5T.L0071", "../../R5T.L0071/source/R5T.L0071/R5T.L0071.csproj", "{AC1ACC3D-4972-4966-8C07-82726B2CD5C4}"
EndProject
Project("{9A19103F-16F7-4668-BE54-9A1E7A4F7556}") = "R5T.L0074", "../../R5T.L0074/source/R5T.L0074/R5T.L0074.csproj", "{DC5E3E61-3CA7-46E2-97E0-D968BA92D2AC}"
EndProject
Project("{9A19103F-16F7-4668-BE54-9A1E7A4F7556}") = "R5T.NG0006", "../../R5T.NG0006/source/R5T.NG0006/R5T.NG0006.csproj", "{7FF9EB7D-3979-4691-868D-90124C21759C}"
EndProject
Project("{9A19103F-16F7-4668-BE54-9A1E7A4F7556}") = "R5T.NG0022", "../../R5T.NG0022/source/R5T.NG0022/R5T.NG0022.csproj", "{9D90275F-6C60-4FE2-9CBB-E5DA4E106D43}"
EndProject
Project("{9A19103F-16F7-4668-BE54-9A1E7A4F7556}") = "R5T.T0131", "../../R5T.T0131/source/R5T.T0131/R5T.T0131.csproj", "{05228557-A43C-4379-9124-108E797BFDE5}"
EndProject
Project("{9A19103F-16F7-4668-BE54-9A1E7A4F7556}") = "R5T.T0132", "../../R5T.T0132/source/R5T.T0132/R5T.T0132.csproj", "{2E975822-CE02-473D-9C47-90A97D7B97B4}"
EndProject
Project("{9A19103F-16F7-4668-BE54-9A1E7A4F7556}") = "R5T.T0142", "../../R5T.T0142/source/R5T.T0142/R5T.T0142.csproj", "{A1FCE12E-4C9C-4FA9-A2C8-23F63DE1818F}"
EndProject
Project("{9A19103F-16F7-4668-BE54-9A1E7A4F7556}") = "R5T.T0143", "../../R5T.T0143/source/R5T.T0143/R5T.T0143.csproj", "{8B0CC86A-2B40-4530-BE9B-2AC96F4864CC}"
EndProject
Project("{9A19103F-16F7-4668-BE54-9A1E7A4F7556}") = "R5T.T0150", "../../R5T.T0150/source/R5T.T0150/R5T.T0150.csproj", "{D4630E46-AB59-446C-92A6-6016A0DB2455}"
EndProject
Project("{9A19103F-16F7-4668-BE54-9A1E7A4F7556}") = "R5T.T0151", "../../R5T.T0151/source/R5T.T0151/R5T.T0151.csproj", "{06735FB1-18BF-4A0A-8F3E-0F6791AFF454}"
EndProject
Project("{9A19103F-16F7-4668-BE54-9A1E7A4F7556}") = "R5T.T0156", "../../R5T.T0156/source/R5T.T0156/R5T.T0156.csproj", "{62763701-3C1C-454D-8D23-A038B741364E}"
EndProject
Project("{9A19103F-16F7-4668-BE54-9A1E7A4F7556}") = "R5T.T0158", "../../R5T.T0158/source/R5T.T0158/R5T.T0158.csproj", "{C9D4418A-D1B1-4945-B2CC-3D6BBC044BAD}"
EndProject
Project("{9A19103F-16F7-4668-BE54-9A1E7A4F7556}") = "R5T.T0159", "../../R5T.T0159/source/R5T.T0159/R5T.T0159.csproj", "{B65E2AD2-C033-4647-A890-8D55FD10D84B}"
EndProject
Project("{9A19103F-16F7-4668-BE54-9A1E7A4F7556}") = "R5T.T0172", "../../R5T.T0172/source/R5T.T0172/R5T.T0172.csproj", "{321C9566-8824-4639-90B8-D021E05549C7}"
EndProject
Project("{9A19103F-16F7-4668-BE54-9A1E7A4F7556}") = "R5T.T0174", "../../R5T.T0174/source/R5T.T0174/R5T.T0174.csproj", "{BB609CF2-7C2E-4D2D-936B-A23B7E06C78E}"
EndProject
Project("{9A19103F-16F7-4668-BE54-9A1E7A4F7556}") = "R5T.T0176", "../../R5T.T0176/source/R5T.T0176/R5T.T0176.csproj", "{B9519515-DB2B-451B-91BF-601A7FCB26CA}"
EndProject
Project("{9A19103F-16F7-4668-BE54-9A1E7A4F7556}") = "R5T.T0177", "../../R5T.T0177/source/R5T.T0177/R5T.T0177.csproj", "{F410C3F8-F3CA-441E-8D8F-A7525BB81F63}"
EndProject
Project("{9A19103F-16F7-4668-BE54-9A1E7A4F7556}") = "R5T.T0178", "../../R5T.T0178/source/R5T.T0178/R5T.T0178.csproj", "{EAB93076-EB64-49C4-92F6-7F31CEBF9FF4}"
EndProject
Project("{9A19103F-16F7-4668-BE54-9A1E7A4F7556}") = "R5T.T0179", "../../R5T.T0179/source/R5T.T0179/R5T.T0179.csproj", "{D26E9D64-F70B-4C66-819D-723AAB0AA142}"
EndProject
Project("{9A19103F-16F7-4668-BE54-9A1E7A4F7556}") = "R5T.T0180", "../../R5T.T0180/source/R5T.T0180/R5T.T0180.csproj", "{A08734E3-A886-437F-8917-E306AC5CA20B}"
EndProject
Project("{9A19103F-16F7-4668-BE54-9A1E7A4F7556}") = "R5T.T0181", "../../R5T.T0181/source/R5T.T0181/R5T.T0181.csproj", "{56A02204-B97C-4AF1-8D8F-F013631E5F27}"
EndProject
Project("{9A19103F-16F7-4668-BE54-9A1E7A4F7556}") = "R5T.T0185", "../../R5T.T0185/source/R5T.T0185/R5T.T0185.csproj", "{15F0A6E4-FAC4-4C52-AB7D-DFBF65756282}"
EndProject
Project("{9A19103F-16F7-4668-BE54-9A1E7A4F7556}") = "R5T.T0199.T000", "../../R5T.T0199/source/R5T.T0199.T000/R5T.T0199.T000.csproj", "{BB4B87A2-18BF-4F48-A086-1FA60BEC6A65}"
EndProject
Project("{9A19103F-16F7-4668-BE54-9A1E7A4F7556}") = "R5T.T0199.T001", "../../R5T.T0199/source/R5T.T0199.T001/R5T.T0199.T001.csproj", "{A4E0D635-26E6-4DA2-8A98-E6BB2458A4AE}"
EndProject
Project("{9A19103F-16F7-4668-BE54-9A1E7A4F7556}") = "R5T.T0199", "../../R5T.T0199/source/R5T.T0199/R5T.T0199.csproj", "{E03C86F7-39C1-426C-8DF5-B0A823D43F9B}"
EndProject
Project("{9A19103F-16F7-4668-BE54-9A1E7A4F7556}") = "R5T.T0203", "../../R5T.T0203/source/R5T.T0203/R5T.T0203.csproj", "{05D75B5B-C88E-41E9-B30E-B28A08066C5D}"
EndProject
Project("{9A19103F-16F7-4668-BE54-9A1E7A4F7556}") = "R5T.T0213", "../../R5T.T0213/source/R5T.T0213/R5T.T0213.csproj", "{E09A3428-2FA4-4ED9-916D-3F803A3A7063}"
EndProject
Project("{9A19103F-16F7-4668-BE54-9A1E7A4F7556}") = "R5T.T0218", "../../R5T.T0218/source/R5T.T0218/R5T.T0218.csproj", "{0A40E1E2-D5D4-40F6-BD69-FDCBA1FDF027}"
EndProject
Project("{9A19103F-16F7-4668-BE54-9A1E7A4F7556}") = "R5T.T0219", "../../R5T.T0219/source/R5T.T0219/R5T.T0219.csproj", "{E2F16F81-79A9-4F11-9AEE-D8BD868DE836}"
EndProject
Project("{9A19103F-16F7-4668-BE54-9A1E7A4F7556}") = "R5T.T0220", "../../R5T.T0220/source/R5T.T0220/R5T.T0220.csproj", "{14ECC182-4736-414E-AF25-0AB366772A81}"
EndProject
Project("{9A19103F-16F7-4668-BE54-9A1E7A4F7556}") = "R5T.T0221", "../../R5T.T0221/source/R5T.T0221/R5T.T0221.csproj", "{DC3F96B9-3887-4971-8619-3FEC0DD5B463}"
EndProject
Project("{9A19103F-16F7-4668-BE54-9A1E7A4F7556}") = "R5T.T0227", "../../R5T.T0227/source/R5T.T0227/R5T.T0227.csproj", "{8F30697E-FED1-4C1A-A206-225815E2DEC1}"
EndProject
Project("{9A19103F-16F7-4668-BE54-9A1E7A4F7556}") = "R5T.Y0000", "../../R5T.Y0000/source/R5T.Y0000/R5T.Y0000.csproj", "{B31D1DD9-344F-456D-A6CE-730F7D98FEC4}"
EndProject
Project("{9A19103F-16F7-4668-BE54-9A1E7A4F7556}") = "R5T.Y0006", "../../R5T.Y0006/source/R5T.Y0006/R5T.Y0006.csproj", "{26DA8D25-90EE-4204-B467-DB0625ACB51D}"
EndProject
Project("{9A19103F-16F7-4668-BE54-9A1E7A4F7556}") = "R5T.Z0000", "../../R5T.Z0000/source/R5T.Z0000/R5T.Z0000.csproj", "{6E29C03A-5AD1-47CC-BE71-1BBE55E220E4}"
EndProject
Project("{9A19103F-16F7-4668-BE54-9A1E7A4F7556}") = "R5T.Z0010.Platform", "../../R5T.Z0010/source/R5T.Z0010.Platform/R5T.Z0010.Platform.csproj", "{C88A067E-FE38-4EB0-9407-A6AEC530553F}"
EndProject
Project("{9A19103F-16F7-4668-BE54-9A1E7A4F7556}") = "R5T.Z0010", "../../R5T.Z0010/source/R5T.Z0010/R5T.Z0010.csproj", "{F90FD011-1828-41C2-B68B-3695D6B4851B}"
EndProject
Project("{9A19103F-16F7-4668-BE54-9A1E7A4F7556}") = "R5T.Z0057.Platform", "../../R5T.Z0057/source/R5T.Z0057.Platform/R5T.Z0057.Platform.csproj", "{2F2A063E-1F02-4DA9-95D5-8B6BA085E00F}"
EndProject
Project("{9A19103F-16F7-4668-BE54-9A1E7A4F7556}") = "R5T.Z0057", "../../R5T.Z0057/source/R5T.Z0057/R5T.Z0057.csproj", "{2CC258E7-0943-41B9-9877-C5DED0AE3D94}"
EndProject
Project("{9A19103F-16F7-4668-BE54-9A1E7A4F7556}") = "R5T.Z0058", "../../R5T.Z0058/source/R5T.Z0058/R5T.Z0058.csproj", "{1125EECB-DCA7-4C08-8E64-2B9043FE7AAC}"
EndProject
Project("{9A19103F-16F7-4668-BE54-9A1E7A4F7556}") = "R5T.L0087.F000", "R5T.L0087.F000/R5T.L0087.F000.csproj", "{A583E4E5-696E-48CA-AFB7-52455D75FD90}"
EndProject
Project("{9A19103F-16F7-4668-BE54-9A1E7A4F7556}") = "R5T.L0087.F001", "R5T.L0087.F001/R5T.L0087.F001.csproj", "{02ACCE19-7939-4FD3-A224-0272BF4C473F}"
EndProject
Project("{9A19103F-16F7-4668-BE54-9A1E7A4F7556}") = "R5T.L0088.F001", "..\..\R5T.L0088\source\R5T.L0088.F001\R5T.L0088.F001.csproj", "{B6F1AD4E-3DD5-4C4F-8E7C-24FE6DB4B409}"
EndProject
Project("{9A19103F-16F7-4668-BE54-9A1E7A4F7556}") = "R5T.L0088", "..\..\R5T.L0088\source\R5T.L0088\R5T.L0088.csproj", "{0E27C6B4-6E67-4F55-9B84-C820E593618C}"
EndProject
Project("{9A19103F-16F7-4668-BE54-9A1E7A4F7556}") = "R5T.NG0017", "..\..\R5T.NG0017\source\R5T.NG0017\R5T.NG0017.csproj", "{11580B40-5AF1-4925-8D56-B61AD8264FA2}"
EndProject
Project("{9A19103F-16F7-4668-BE54-9A1E7A4F7556}") = "R5T.T0239", "..\..\R5T.T0239\source\R5T.T0239\R5T.T0239.csproj", "{F5680E1F-EA28-44F9-BF0D-3FFB0A020CF3}"
EndProject
Project("{9A19103F-16F7-4668-BE54-9A1E7A4F7556}") = "R5T.T0240", "..\..\R5T.T0240\source\R5T.T0240\R5T.T0240.csproj", "{8401FC8E-0726-4733-9E35-1D0403C6FA26}"
EndProject
Project("{9A19103F-16F7-4668-BE54-9A1E7A4F7556}") = "R5T.L0088.F002", "..\..\R5T.L0088\source\R5T.L0088.F002\R5T.L0088.F002.csproj", "{4D389174-8C76-4BD3-B337-4CB1CA710F8C}"
EndProject
Global
	GlobalSection(NestedProjects) = preSolution
		{A313E7EF-E07F-478C-8B5C-F9FDE7EB4B5E} = {4E4DD7FF-4CF9-43CF-BF99-6BADA539EF31}
		{D0758AF2-5D30-4A5A-9D37-50886A1CA8CF} = {4E4DD7FF-4CF9-43CF-BF99-6BADA539EF31}
		{D6117BF0-0B36-4A6A-B51F-5EA79C550194} = {4E4DD7FF-4CF9-43CF-BF99-6BADA539EF31}
		{DE01CCE5-7D82-4EFC-8007-6A3AB96CAED4} = {4E4DD7FF-4CF9-43CF-BF99-6BADA539EF31}
		{4A9E18A1-EED4-4243-91C9-56CD32803E89} = {4E4DD7FF-4CF9-43CF-BF99-6BADA539EF31}
		{0AD4B0AA-199C-4C7B-BBC5-9BAB69683765} = {4E4DD7FF-4CF9-43CF-BF99-6BADA539EF31}
		{D574B161-1C03-41BC-8B5A-329243E94771} = {4E4DD7FF-4CF9-43CF-BF99-6BADA539EF31}
		{8F87CD0F-159E-4D81-8584-1F43C043CDB2} = {4E4DD7FF-4CF9-43CF-BF99-6BADA539EF31}
		{52F44798-F51E-4114-9E46-839EE5688BAE} = {4E4DD7FF-4CF9-43CF-BF99-6BADA539EF31}
		{C4AF36D6-926E-436B-930A-7E7153EBB4EC} = {4E4DD7FF-4CF9-43CF-BF99-6BADA539EF31}
		{BC21FC95-8AAB-4EF0-9BFA-9A8D05B76827} = {4E4DD7FF-4CF9-43CF-BF99-6BADA539EF31}
		{16F1369B-3ABD-4876-A4F3-F5003A72006C} = {4E4DD7FF-4CF9-43CF-BF99-6BADA539EF31}
		{876FA7B6-B0ED-49E5-B06B-9B78902A5F8F} = {4E4DD7FF-4CF9-43CF-BF99-6BADA539EF31}
		{AC1ACC3D-4972-4966-8C07-82726B2CD5C4} = {4E4DD7FF-4CF9-43CF-BF99-6BADA539EF31}
		{DC5E3E61-3CA7-46E2-97E0-D968BA92D2AC} = {4E4DD7FF-4CF9-43CF-BF99-6BADA539EF31}
		{7FF9EB7D-3979-4691-868D-90124C21759C} = {4E4DD7FF-4CF9-43CF-BF99-6BADA539EF31}
		{9D90275F-6C60-4FE2-9CBB-E5DA4E106D43} = {4E4DD7FF-4CF9-43CF-BF99-6BADA539EF31}
		{05228557-A43C-4379-9124-108E797BFDE5} = {4E4DD7FF-4CF9-43CF-BF99-6BADA539EF31}
		{2E975822-CE02-473D-9C47-90A97D7B97B4} = {4E4DD7FF-4CF9-43CF-BF99-6BADA539EF31}
		{A1FCE12E-4C9C-4FA9-A2C8-23F63DE1818F} = {4E4DD7FF-4CF9-43CF-BF99-6BADA539EF31}
		{8B0CC86A-2B40-4530-BE9B-2AC96F4864CC} = {4E4DD7FF-4CF9-43CF-BF99-6BADA539EF31}
		{D4630E46-AB59-446C-92A6-6016A0DB2455} = {4E4DD7FF-4CF9-43CF-BF99-6BADA539EF31}
		{06735FB1-18BF-4A0A-8F3E-0F6791AFF454} = {4E4DD7FF-4CF9-43CF-BF99-6BADA539EF31}
		{62763701-3C1C-454D-8D23-A038B741364E} = {4E4DD7FF-4CF9-43CF-BF99-6BADA539EF31}
		{C9D4418A-D1B1-4945-B2CC-3D6BBC044BAD} = {4E4DD7FF-4CF9-43CF-BF99-6BADA539EF31}
		{B65E2AD2-C033-4647-A890-8D55FD10D84B} = {4E4DD7FF-4CF9-43CF-BF99-6BADA539EF31}
		{321C9566-8824-4639-90B8-D021E05549C7} = {4E4DD7FF-4CF9-43CF-BF99-6BADA539EF31}
		{BB609CF2-7C2E-4D2D-936B-A23B7E06C78E} = {4E4DD7FF-4CF9-43CF-BF99-6BADA539EF31}
		{B9519515-DB2B-451B-91BF-601A7FCB26CA} = {4E4DD7FF-4CF9-43CF-BF99-6BADA539EF31}
		{F410C3F8-F3CA-441E-8D8F-A7525BB81F63} = {4E4DD7FF-4CF9-43CF-BF99-6BADA539EF31}
		{EAB93076-EB64-49C4-92F6-7F31CEBF9FF4} = {4E4DD7FF-4CF9-43CF-BF99-6BADA539EF31}
		{D26E9D64-F70B-4C66-819D-723AAB0AA142} = {4E4DD7FF-4CF9-43CF-BF99-6BADA539EF31}
		{A08734E3-A886-437F-8917-E306AC5CA20B} = {4E4DD7FF-4CF9-43CF-BF99-6BADA539EF31}
		{56A02204-B97C-4AF1-8D8F-F013631E5F27} = {4E4DD7FF-4CF9-43CF-BF99-6BADA539EF31}
		{15F0A6E4-FAC4-4C52-AB7D-DFBF65756282} = {4E4DD7FF-4CF9-43CF-BF99-6BADA539EF31}
		{BB4B87A2-18BF-4F48-A086-1FA60BEC6A65} = {4E4DD7FF-4CF9-43CF-BF99-6BADA539EF31}
		{A4E0D635-26E6-4DA2-8A98-E6BB2458A4AE} = {4E4DD7FF-4CF9-43CF-BF99-6BADA539EF31}
		{E03C86F7-39C1-426C-8DF5-B0A823D43F9B} = {4E4DD7FF-4CF9-43CF-BF99-6BADA539EF31}
		{05D75B5B-C88E-41E9-B30E-B28A08066C5D} = {4E4DD7FF-4CF9-43CF-BF99-6BADA539EF31}
		{E09A3428-2FA4-4ED9-916D-3F803A3A7063} = {4E4DD7FF-4CF9-43CF-BF99-6BADA539EF31}
		{0A40E1E2-D5D4-40F6-BD69-FDCBA1FDF027} = {4E4DD7FF-4CF9-43CF-BF99-6BADA539EF31}
		{E2F16F81-79A9-4F11-9AEE-D8BD868DE836} = {4E4DD7FF-4CF9-43CF-BF99-6BADA539EF31}
		{14ECC182-4736-414E-AF25-0AB366772A81} = {4E4DD7FF-4CF9-43CF-BF99-6BADA539EF31}
		{DC3F96B9-3887-4971-8619-3FEC0DD5B463} = {4E4DD7FF-4CF9-43CF-BF99-6BADA539EF31}
		{8F30697E-FED1-4C1A-A206-225815E2DEC1} = {4E4DD7FF-4CF9-43CF-BF99-6BADA539EF31}
		{B31D1DD9-344F-456D-A6CE-730F7D98FEC4} = {4E4DD7FF-4CF9-43CF-BF99-6BADA539EF31}
		{26DA8D25-90EE-4204-B467-DB0625ACB51D} = {4E4DD7FF-4CF9-43CF-BF99-6BADA539EF31}
		{6E29C03A-5AD1-47CC-BE71-1BBE55E220E4} = {4E4DD7FF-4CF9-43CF-BF99-6BADA539EF31}
		{C88A067E-FE38-4EB0-9407-A6AEC530553F} = {4E4DD7FF-4CF9-43CF-BF99-6BADA539EF31}
		{F90FD011-1828-41C2-B68B-3695D6B4851B} = {4E4DD7FF-4CF9-43CF-BF99-6BADA539EF31}
		{2F2A063E-1F02-4DA9-95D5-8B6BA085E00F} = {4E4DD7FF-4CF9-43CF-BF99-6BADA539EF31}
		{2CC258E7-0943-41B9-9877-C5DED0AE3D94} = {4E4DD7FF-4CF9-43CF-BF99-6BADA539EF31}
		{1125EECB-DCA7-4C08-8E64-2B9043FE7AAC} = {4E4DD7FF-4CF9-43CF-BF99-6BADA539EF31}
		{B6F1AD4E-3DD5-4C4F-8E7C-24FE6DB4B409} = {4E4DD7FF-4CF9-43CF-BF99-6BADA539EF31}
		{0E27C6B4-6E67-4F55-9B84-C820E593618C} = {4E4DD7FF-4CF9-43CF-BF99-6BADA539EF31}
		{11580B40-5AF1-4925-8D56-B61AD8264FA2} = {4E4DD7FF-4CF9-43CF-BF99-6BADA539EF31}
		{F5680E1F-EA28-44F9-BF0D-3FFB0A020CF3} = {4E4DD7FF-4CF9-43CF-BF99-6BADA539EF31}
		{8401FC8E-0726-4733-9E35-1D0403C6FA26} = {4E4DD7FF-4CF9-43CF-BF99-6BADA539EF31}
		{4D389174-8C76-4BD3-B337-4CB1CA710F8C} = {4E4DD7FF-4CF9-43CF-BF99-6BADA539EF31}
	EndGlobalSection
	GlobalSection(SolutionConfigurationPlatforms) = preSolution
		Debug|Any CPU = Debug|Any CPU
		Release|Any CPU = Release|Any CPU
	EndGlobalSection
	GlobalSection(ProjectConfigurationPlatforms) = postSolution
		{D30B4F19-1336-44D0-A4CD-164F13A9D4ED}.Debug|Any CPU.ActiveCfg = Debug|Any CPU
		{D30B4F19-1336-44D0-A4CD-164F13A9D4ED}.Debug|Any CPU.Build.0 = Debug|Any CPU
		{D30B4F19-1336-44D0-A4CD-164F13A9D4ED}.Release|Any CPU.ActiveCfg = Release|Any CPU
		{D30B4F19-1336-44D0-A4CD-164F13A9D4ED}.Release|Any CPU.Build.0 = Release|Any CPU
		{CE5BA8A2-0837-4F86-B11F-6FA4B55FB50E}.Debug|Any CPU.ActiveCfg = Debug|Any CPU
		{CE5BA8A2-0837-4F86-B11F-6FA4B55FB50E}.Debug|Any CPU.Build.0 = Debug|Any CPU
		{CE5BA8A2-0837-4F86-B11F-6FA4B55FB50E}.Release|Any CPU.ActiveCfg = Release|Any CPU
		{CE5BA8A2-0837-4F86-B11F-6FA4B55FB50E}.Release|Any CPU.Build.0 = Release|Any CPU
		{71BFF6CC-C783-4E9A-A3F7-D5553B0DDEBF}.Debug|Any CPU.ActiveCfg = Debug|Any CPU
		{71BFF6CC-C783-4E9A-A3F7-D5553B0DDEBF}.Debug|Any CPU.Build.0 = Debug|Any CPU
		{71BFF6CC-C783-4E9A-A3F7-D5553B0DDEBF}.Release|Any CPU.ActiveCfg = Release|Any CPU
		{71BFF6CC-C783-4E9A-A3F7-D5553B0DDEBF}.Release|Any CPU.Build.0 = Release|Any CPU
		{A313E7EF-E07F-478C-8B5C-F9FDE7EB4B5E}.Debug|Any CPU.ActiveCfg = Debug|Any CPU
		{A313E7EF-E07F-478C-8B5C-F9FDE7EB4B5E}.Debug|Any CPU.Build.0 = Debug|Any CPU
		{A313E7EF-E07F-478C-8B5C-F9FDE7EB4B5E}.Release|Any CPU.ActiveCfg = Release|Any CPU
		{A313E7EF-E07F-478C-8B5C-F9FDE7EB4B5E}.Release|Any CPU.Build.0 = Release|Any CPU
		{D0758AF2-5D30-4A5A-9D37-50886A1CA8CF}.Debug|Any CPU.ActiveCfg = Debug|Any CPU
		{D0758AF2-5D30-4A5A-9D37-50886A1CA8CF}.Debug|Any CPU.Build.0 = Debug|Any CPU
		{D0758AF2-5D30-4A5A-9D37-50886A1CA8CF}.Release|Any CPU.ActiveCfg = Release|Any CPU
		{D0758AF2-5D30-4A5A-9D37-50886A1CA8CF}.Release|Any CPU.Build.0 = Release|Any CPU
		{D6117BF0-0B36-4A6A-B51F-5EA79C550194}.Debug|Any CPU.ActiveCfg = Debug|Any CPU
		{D6117BF0-0B36-4A6A-B51F-5EA79C550194}.Debug|Any CPU.Build.0 = Debug|Any CPU
		{D6117BF0-0B36-4A6A-B51F-5EA79C550194}.Release|Any CPU.ActiveCfg = Release|Any CPU
		{D6117BF0-0B36-4A6A-B51F-5EA79C550194}.Release|Any CPU.Build.0 = Release|Any CPU
		{DE01CCE5-7D82-4EFC-8007-6A3AB96CAED4}.Debug|Any CPU.ActiveCfg = Debug|Any CPU
		{DE01CCE5-7D82-4EFC-8007-6A3AB96CAED4}.Debug|Any CPU.Build.0 = Debug|Any CPU
		{DE01CCE5-7D82-4EFC-8007-6A3AB96CAED4}.Release|Any CPU.ActiveCfg = Release|Any CPU
		{DE01CCE5-7D82-4EFC-8007-6A3AB96CAED4}.Release|Any CPU.Build.0 = Release|Any CPU
		{4A9E18A1-EED4-4243-91C9-56CD32803E89}.Debug|Any CPU.ActiveCfg = Debug|Any CPU
		{4A9E18A1-EED4-4243-91C9-56CD32803E89}.Debug|Any CPU.Build.0 = Debug|Any CPU
		{4A9E18A1-EED4-4243-91C9-56CD32803E89}.Release|Any CPU.ActiveCfg = Release|Any CPU
		{4A9E18A1-EED4-4243-91C9-56CD32803E89}.Release|Any CPU.Build.0 = Release|Any CPU
		{0AD4B0AA-199C-4C7B-BBC5-9BAB69683765}.Debug|Any CPU.ActiveCfg = Debug|Any CPU
		{0AD4B0AA-199C-4C7B-BBC5-9BAB69683765}.Debug|Any CPU.Build.0 = Debug|Any CPU
		{0AD4B0AA-199C-4C7B-BBC5-9BAB69683765}.Release|Any CPU.ActiveCfg = Release|Any CPU
		{0AD4B0AA-199C-4C7B-BBC5-9BAB69683765}.Release|Any CPU.Build.0 = Release|Any CPU
		{D574B161-1C03-41BC-8B5A-329243E94771}.Debug|Any CPU.ActiveCfg = Debug|Any CPU
		{D574B161-1C03-41BC-8B5A-329243E94771}.Debug|Any CPU.Build.0 = Debug|Any CPU
		{D574B161-1C03-41BC-8B5A-329243E94771}.Release|Any CPU.ActiveCfg = Release|Any CPU
		{D574B161-1C03-41BC-8B5A-329243E94771}.Release|Any CPU.Build.0 = Release|Any CPU
		{8F87CD0F-159E-4D81-8584-1F43C043CDB2}.Debug|Any CPU.ActiveCfg = Debug|Any CPU
		{8F87CD0F-159E-4D81-8584-1F43C043CDB2}.Debug|Any CPU.Build.0 = Debug|Any CPU
		{8F87CD0F-159E-4D81-8584-1F43C043CDB2}.Release|Any CPU.ActiveCfg = Release|Any CPU
		{8F87CD0F-159E-4D81-8584-1F43C043CDB2}.Release|Any CPU.Build.0 = Release|Any CPU
		{52F44798-F51E-4114-9E46-839EE5688BAE}.Debug|Any CPU.ActiveCfg = Debug|Any CPU
		{52F44798-F51E-4114-9E46-839EE5688BAE}.Debug|Any CPU.Build.0 = Debug|Any CPU
		{52F44798-F51E-4114-9E46-839EE5688BAE}.Release|Any CPU.ActiveCfg = Release|Any CPU
		{52F44798-F51E-4114-9E46-839EE5688BAE}.Release|Any CPU.Build.0 = Release|Any CPU
		{C4AF36D6-926E-436B-930A-7E7153EBB4EC}.Debug|Any CPU.ActiveCfg = Debug|Any CPU
		{C4AF36D6-926E-436B-930A-7E7153EBB4EC}.Debug|Any CPU.Build.0 = Debug|Any CPU
		{C4AF36D6-926E-436B-930A-7E7153EBB4EC}.Release|Any CPU.ActiveCfg = Release|Any CPU
		{C4AF36D6-926E-436B-930A-7E7153EBB4EC}.Release|Any CPU.Build.0 = Release|Any CPU
		{BC21FC95-8AAB-4EF0-9BFA-9A8D05B76827}.Debug|Any CPU.ActiveCfg = Debug|Any CPU
		{BC21FC95-8AAB-4EF0-9BFA-9A8D05B76827}.Debug|Any CPU.Build.0 = Debug|Any CPU
		{BC21FC95-8AAB-4EF0-9BFA-9A8D05B76827}.Release|Any CPU.ActiveCfg = Release|Any CPU
		{BC21FC95-8AAB-4EF0-9BFA-9A8D05B76827}.Release|Any CPU.Build.0 = Release|Any CPU
		{16F1369B-3ABD-4876-A4F3-F5003A72006C}.Debug|Any CPU.ActiveCfg = Debug|Any CPU
		{16F1369B-3ABD-4876-A4F3-F5003A72006C}.Debug|Any CPU.Build.0 = Debug|Any CPU
		{16F1369B-3ABD-4876-A4F3-F5003A72006C}.Release|Any CPU.ActiveCfg = Release|Any CPU
		{16F1369B-3ABD-4876-A4F3-F5003A72006C}.Release|Any CPU.Build.0 = Release|Any CPU
		{876FA7B6-B0ED-49E5-B06B-9B78902A5F8F}.Debug|Any CPU.ActiveCfg = Debug|Any CPU
		{876FA7B6-B0ED-49E5-B06B-9B78902A5F8F}.Debug|Any CPU.Build.0 = Debug|Any CPU
		{876FA7B6-B0ED-49E5-B06B-9B78902A5F8F}.Release|Any CPU.ActiveCfg = Release|Any CPU
		{876FA7B6-B0ED-49E5-B06B-9B78902A5F8F}.Release|Any CPU.Build.0 = Release|Any CPU
		{AC1ACC3D-4972-4966-8C07-82726B2CD5C4}.Debug|Any CPU.ActiveCfg = Debug|Any CPU
		{AC1ACC3D-4972-4966-8C07-82726B2CD5C4}.Debug|Any CPU.Build.0 = Debug|Any CPU
		{AC1ACC3D-4972-4966-8C07-82726B2CD5C4}.Release|Any CPU.ActiveCfg = Release|Any CPU
		{AC1ACC3D-4972-4966-8C07-82726B2CD5C4}.Release|Any CPU.Build.0 = Release|Any CPU
		{DC5E3E61-3CA7-46E2-97E0-D968BA92D2AC}.Debug|Any CPU.ActiveCfg = Debug|Any CPU
		{DC5E3E61-3CA7-46E2-97E0-D968BA92D2AC}.Debug|Any CPU.Build.0 = Debug|Any CPU
		{DC5E3E61-3CA7-46E2-97E0-D968BA92D2AC}.Release|Any CPU.ActiveCfg = Release|Any CPU
		{DC5E3E61-3CA7-46E2-97E0-D968BA92D2AC}.Release|Any CPU.Build.0 = Release|Any CPU
		{7FF9EB7D-3979-4691-868D-90124C21759C}.Debug|Any CPU.ActiveCfg = Debug|Any CPU
		{7FF9EB7D-3979-4691-868D-90124C21759C}.Debug|Any CPU.Build.0 = Debug|Any CPU
		{7FF9EB7D-3979-4691-868D-90124C21759C}.Release|Any CPU.ActiveCfg = Release|Any CPU
		{7FF9EB7D-3979-4691-868D-90124C21759C}.Release|Any CPU.Build.0 = Release|Any CPU
		{9D90275F-6C60-4FE2-9CBB-E5DA4E106D43}.Debug|Any CPU.ActiveCfg = Debug|Any CPU
		{9D90275F-6C60-4FE2-9CBB-E5DA4E106D43}.Debug|Any CPU.Build.0 = Debug|Any CPU
		{9D90275F-6C60-4FE2-9CBB-E5DA4E106D43}.Release|Any CPU.ActiveCfg = Release|Any CPU
		{9D90275F-6C60-4FE2-9CBB-E5DA4E106D43}.Release|Any CPU.Build.0 = Release|Any CPU
		{05228557-A43C-4379-9124-108E797BFDE5}.Debug|Any CPU.ActiveCfg = Debug|Any CPU
		{05228557-A43C-4379-9124-108E797BFDE5}.Debug|Any CPU.Build.0 = Debug|Any CPU
		{05228557-A43C-4379-9124-108E797BFDE5}.Release|Any CPU.ActiveCfg = Release|Any CPU
		{05228557-A43C-4379-9124-108E797BFDE5}.Release|Any CPU.Build.0 = Release|Any CPU
		{2E975822-CE02-473D-9C47-90A97D7B97B4}.Debug|Any CPU.ActiveCfg = Debug|Any CPU
		{2E975822-CE02-473D-9C47-90A97D7B97B4}.Debug|Any CPU.Build.0 = Debug|Any CPU
		{2E975822-CE02-473D-9C47-90A97D7B97B4}.Release|Any CPU.ActiveCfg = Release|Any CPU
		{2E975822-CE02-473D-9C47-90A97D7B97B4}.Release|Any CPU.Build.0 = Release|Any CPU
		{A1FCE12E-4C9C-4FA9-A2C8-23F63DE1818F}.Debug|Any CPU.ActiveCfg = Debug|Any CPU
		{A1FCE12E-4C9C-4FA9-A2C8-23F63DE1818F}.Debug|Any CPU.Build.0 = Debug|Any CPU
		{A1FCE12E-4C9C-4FA9-A2C8-23F63DE1818F}.Release|Any CPU.ActiveCfg = Release|Any CPU
		{A1FCE12E-4C9C-4FA9-A2C8-23F63DE1818F}.Release|Any CPU.Build.0 = Release|Any CPU
		{8B0CC86A-2B40-4530-BE9B-2AC96F4864CC}.Debug|Any CPU.ActiveCfg = Debug|Any CPU
		{8B0CC86A-2B40-4530-BE9B-2AC96F4864CC}.Debug|Any CPU.Build.0 = Debug|Any CPU
		{8B0CC86A-2B40-4530-BE9B-2AC96F4864CC}.Release|Any CPU.ActiveCfg = Release|Any CPU
		{8B0CC86A-2B40-4530-BE9B-2AC96F4864CC}.Release|Any CPU.Build.0 = Release|Any CPU
		{D4630E46-AB59-446C-92A6-6016A0DB2455}.Debug|Any CPU.ActiveCfg = Debug|Any CPU
		{D4630E46-AB59-446C-92A6-6016A0DB2455}.Debug|Any CPU.Build.0 = Debug|Any CPU
		{D4630E46-AB59-446C-92A6-6016A0DB2455}.Release|Any CPU.ActiveCfg = Release|Any CPU
		{D4630E46-AB59-446C-92A6-6016A0DB2455}.Release|Any CPU.Build.0 = Release|Any CPU
		{06735FB1-18BF-4A0A-8F3E-0F6791AFF454}.Debug|Any CPU.ActiveCfg = Debug|Any CPU
		{06735FB1-18BF-4A0A-8F3E-0F6791AFF454}.Debug|Any CPU.Build.0 = Debug|Any CPU
		{06735FB1-18BF-4A0A-8F3E-0F6791AFF454}.Release|Any CPU.ActiveCfg = Release|Any CPU
		{06735FB1-18BF-4A0A-8F3E-0F6791AFF454}.Release|Any CPU.Build.0 = Release|Any CPU
		{62763701-3C1C-454D-8D23-A038B741364E}.Debug|Any CPU.ActiveCfg = Debug|Any CPU
		{62763701-3C1C-454D-8D23-A038B741364E}.Debug|Any CPU.Build.0 = Debug|Any CPU
		{62763701-3C1C-454D-8D23-A038B741364E}.Release|Any CPU.ActiveCfg = Release|Any CPU
		{62763701-3C1C-454D-8D23-A038B741364E}.Release|Any CPU.Build.0 = Release|Any CPU
		{C9D4418A-D1B1-4945-B2CC-3D6BBC044BAD}.Debug|Any CPU.ActiveCfg = Debug|Any CPU
		{C9D4418A-D1B1-4945-B2CC-3D6BBC044BAD}.Debug|Any CPU.Build.0 = Debug|Any CPU
		{C9D4418A-D1B1-4945-B2CC-3D6BBC044BAD}.Release|Any CPU.ActiveCfg = Release|Any CPU
		{C9D4418A-D1B1-4945-B2CC-3D6BBC044BAD}.Release|Any CPU.Build.0 = Release|Any CPU
		{B65E2AD2-C033-4647-A890-8D55FD10D84B}.Debug|Any CPU.ActiveCfg = Debug|Any CPU
		{B65E2AD2-C033-4647-A890-8D55FD10D84B}.Debug|Any CPU.Build.0 = Debug|Any CPU
		{B65E2AD2-C033-4647-A890-8D55FD10D84B}.Release|Any CPU.ActiveCfg = Release|Any CPU
		{B65E2AD2-C033-4647-A890-8D55FD10D84B}.Release|Any CPU.Build.0 = Release|Any CPU
		{321C9566-8824-4639-90B8-D021E05549C7}.Debug|Any CPU.ActiveCfg = Debug|Any CPU
		{321C9566-8824-4639-90B8-D021E05549C7}.Debug|Any CPU.Build.0 = Debug|Any CPU
		{321C9566-8824-4639-90B8-D021E05549C7}.Release|Any CPU.ActiveCfg = Release|Any CPU
		{321C9566-8824-4639-90B8-D021E05549C7}.Release|Any CPU.Build.0 = Release|Any CPU
		{BB609CF2-7C2E-4D2D-936B-A23B7E06C78E}.Debug|Any CPU.ActiveCfg = Debug|Any CPU
		{BB609CF2-7C2E-4D2D-936B-A23B7E06C78E}.Debug|Any CPU.Build.0 = Debug|Any CPU
		{BB609CF2-7C2E-4D2D-936B-A23B7E06C78E}.Release|Any CPU.ActiveCfg = Release|Any CPU
		{BB609CF2-7C2E-4D2D-936B-A23B7E06C78E}.Release|Any CPU.Build.0 = Release|Any CPU
		{B9519515-DB2B-451B-91BF-601A7FCB26CA}.Debug|Any CPU.ActiveCfg = Debug|Any CPU
		{B9519515-DB2B-451B-91BF-601A7FCB26CA}.Debug|Any CPU.Build.0 = Debug|Any CPU
		{B9519515-DB2B-451B-91BF-601A7FCB26CA}.Release|Any CPU.ActiveCfg = Release|Any CPU
		{B9519515-DB2B-451B-91BF-601A7FCB26CA}.Release|Any CPU.Build.0 = Release|Any CPU
		{F410C3F8-F3CA-441E-8D8F-A7525BB81F63}.Debug|Any CPU.ActiveCfg = Debug|Any CPU
		{F410C3F8-F3CA-441E-8D8F-A7525BB81F63}.Debug|Any CPU.Build.0 = Debug|Any CPU
		{F410C3F8-F3CA-441E-8D8F-A7525BB81F63}.Release|Any CPU.ActiveCfg = Release|Any CPU
		{F410C3F8-F3CA-441E-8D8F-A7525BB81F63}.Release|Any CPU.Build.0 = Release|Any CPU
		{EAB93076-EB64-49C4-92F6-7F31CEBF9FF4}.Debug|Any CPU.ActiveCfg = Debug|Any CPU
		{EAB93076-EB64-49C4-92F6-7F31CEBF9FF4}.Debug|Any CPU.Build.0 = Debug|Any CPU
		{EAB93076-EB64-49C4-92F6-7F31CEBF9FF4}.Release|Any CPU.ActiveCfg = Release|Any CPU
		{EAB93076-EB64-49C4-92F6-7F31CEBF9FF4}.Release|Any CPU.Build.0 = Release|Any CPU
		{D26E9D64-F70B-4C66-819D-723AAB0AA142}.Debug|Any CPU.ActiveCfg = Debug|Any CPU
		{D26E9D64-F70B-4C66-819D-723AAB0AA142}.Debug|Any CPU.Build.0 = Debug|Any CPU
		{D26E9D64-F70B-4C66-819D-723AAB0AA142}.Release|Any CPU.ActiveCfg = Release|Any CPU
		{D26E9D64-F70B-4C66-819D-723AAB0AA142}.Release|Any CPU.Build.0 = Release|Any CPU
		{A08734E3-A886-437F-8917-E306AC5CA20B}.Debug|Any CPU.ActiveCfg = Debug|Any CPU
		{A08734E3-A886-437F-8917-E306AC5CA20B}.Debug|Any CPU.Build.0 = Debug|Any CPU
		{A08734E3-A886-437F-8917-E306AC5CA20B}.Release|Any CPU.ActiveCfg = Release|Any CPU
		{A08734E3-A886-437F-8917-E306AC5CA20B}.Release|Any CPU.Build.0 = Release|Any CPU
		{56A02204-B97C-4AF1-8D8F-F013631E5F27}.Debug|Any CPU.ActiveCfg = Debug|Any CPU
		{56A02204-B97C-4AF1-8D8F-F013631E5F27}.Debug|Any CPU.Build.0 = Debug|Any CPU
		{56A02204-B97C-4AF1-8D8F-F013631E5F27}.Release|Any CPU.ActiveCfg = Release|Any CPU
		{56A02204-B97C-4AF1-8D8F-F013631E5F27}.Release|Any CPU.Build.0 = Release|Any CPU
		{15F0A6E4-FAC4-4C52-AB7D-DFBF65756282}.Debug|Any CPU.ActiveCfg = Debug|Any CPU
		{15F0A6E4-FAC4-4C52-AB7D-DFBF65756282}.Debug|Any CPU.Build.0 = Debug|Any CPU
		{15F0A6E4-FAC4-4C52-AB7D-DFBF65756282}.Release|Any CPU.ActiveCfg = Release|Any CPU
		{15F0A6E4-FAC4-4C52-AB7D-DFBF65756282}.Release|Any CPU.Build.0 = Release|Any CPU
		{BB4B87A2-18BF-4F48-A086-1FA60BEC6A65}.Debug|Any CPU.ActiveCfg = Debug|Any CPU
		{BB4B87A2-18BF-4F48-A086-1FA60BEC6A65}.Debug|Any CPU.Build.0 = Debug|Any CPU
		{BB4B87A2-18BF-4F48-A086-1FA60BEC6A65}.Release|Any CPU.ActiveCfg = Release|Any CPU
		{BB4B87A2-18BF-4F48-A086-1FA60BEC6A65}.Release|Any CPU.Build.0 = Release|Any CPU
		{A4E0D635-26E6-4DA2-8A98-E6BB2458A4AE}.Debug|Any CPU.ActiveCfg = Debug|Any CPU
		{A4E0D635-26E6-4DA2-8A98-E6BB2458A4AE}.Debug|Any CPU.Build.0 = Debug|Any CPU
		{A4E0D635-26E6-4DA2-8A98-E6BB2458A4AE}.Release|Any CPU.ActiveCfg = Release|Any CPU
		{A4E0D635-26E6-4DA2-8A98-E6BB2458A4AE}.Release|Any CPU.Build.0 = Release|Any CPU
		{E03C86F7-39C1-426C-8DF5-B0A823D43F9B}.Debug|Any CPU.ActiveCfg = Debug|Any CPU
		{E03C86F7-39C1-426C-8DF5-B0A823D43F9B}.Debug|Any CPU.Build.0 = Debug|Any CPU
		{E03C86F7-39C1-426C-8DF5-B0A823D43F9B}.Release|Any CPU.ActiveCfg = Release|Any CPU
		{E03C86F7-39C1-426C-8DF5-B0A823D43F9B}.Release|Any CPU.Build.0 = Release|Any CPU
		{05D75B5B-C88E-41E9-B30E-B28A08066C5D}.Debug|Any CPU.ActiveCfg = Debug|Any CPU
		{05D75B5B-C88E-41E9-B30E-B28A08066C5D}.Debug|Any CPU.Build.0 = Debug|Any CPU
		{05D75B5B-C88E-41E9-B30E-B28A08066C5D}.Release|Any CPU.ActiveCfg = Release|Any CPU
		{05D75B5B-C88E-41E9-B30E-B28A08066C5D}.Release|Any CPU.Build.0 = Release|Any CPU
		{E09A3428-2FA4-4ED9-916D-3F803A3A7063}.Debug|Any CPU.ActiveCfg = Debug|Any CPU
		{E09A3428-2FA4-4ED9-916D-3F803A3A7063}.Debug|Any CPU.Build.0 = Debug|Any CPU
		{E09A3428-2FA4-4ED9-916D-3F803A3A7063}.Release|Any CPU.ActiveCfg = Release|Any CPU
		{E09A3428-2FA4-4ED9-916D-3F803A3A7063}.Release|Any CPU.Build.0 = Release|Any CPU
		{0A40E1E2-D5D4-40F6-BD69-FDCBA1FDF027}.Debug|Any CPU.ActiveCfg = Debug|Any CPU
		{0A40E1E2-D5D4-40F6-BD69-FDCBA1FDF027}.Debug|Any CPU.Build.0 = Debug|Any CPU
		{0A40E1E2-D5D4-40F6-BD69-FDCBA1FDF027}.Release|Any CPU.ActiveCfg = Release|Any CPU
		{0A40E1E2-D5D4-40F6-BD69-FDCBA1FDF027}.Release|Any CPU.Build.0 = Release|Any CPU
		{E2F16F81-79A9-4F11-9AEE-D8BD868DE836}.Debug|Any CPU.ActiveCfg = Debug|Any CPU
		{E2F16F81-79A9-4F11-9AEE-D8BD868DE836}.Debug|Any CPU.Build.0 = Debug|Any CPU
		{E2F16F81-79A9-4F11-9AEE-D8BD868DE836}.Release|Any CPU.ActiveCfg = Release|Any CPU
		{E2F16F81-79A9-4F11-9AEE-D8BD868DE836}.Release|Any CPU.Build.0 = Release|Any CPU
		{14ECC182-4736-414E-AF25-0AB366772A81}.Debug|Any CPU.ActiveCfg = Debug|Any CPU
		{14ECC182-4736-414E-AF25-0AB366772A81}.Debug|Any CPU.Build.0 = Debug|Any CPU
		{14ECC182-4736-414E-AF25-0AB366772A81}.Release|Any CPU.ActiveCfg = Release|Any CPU
		{14ECC182-4736-414E-AF25-0AB366772A81}.Release|Any CPU.Build.0 = Release|Any CPU
		{DC3F96B9-3887-4971-8619-3FEC0DD5B463}.Debug|Any CPU.ActiveCfg = Debug|Any CPU
		{DC3F96B9-3887-4971-8619-3FEC0DD5B463}.Debug|Any CPU.Build.0 = Debug|Any CPU
		{DC3F96B9-3887-4971-8619-3FEC0DD5B463}.Release|Any CPU.ActiveCfg = Release|Any CPU
		{DC3F96B9-3887-4971-8619-3FEC0DD5B463}.Release|Any CPU.Build.0 = Release|Any CPU
		{8F30697E-FED1-4C1A-A206-225815E2DEC1}.Debug|Any CPU.ActiveCfg = Debug|Any CPU
		{8F30697E-FED1-4C1A-A206-225815E2DEC1}.Debug|Any CPU.Build.0 = Debug|Any CPU
		{8F30697E-FED1-4C1A-A206-225815E2DEC1}.Release|Any CPU.ActiveCfg = Release|Any CPU
		{8F30697E-FED1-4C1A-A206-225815E2DEC1}.Release|Any CPU.Build.0 = Release|Any CPU
		{B31D1DD9-344F-456D-A6CE-730F7D98FEC4}.Debug|Any CPU.ActiveCfg = Debug|Any CPU
		{B31D1DD9-344F-456D-A6CE-730F7D98FEC4}.Debug|Any CPU.Build.0 = Debug|Any CPU
		{B31D1DD9-344F-456D-A6CE-730F7D98FEC4}.Release|Any CPU.ActiveCfg = Release|Any CPU
		{B31D1DD9-344F-456D-A6CE-730F7D98FEC4}.Release|Any CPU.Build.0 = Release|Any CPU
		{26DA8D25-90EE-4204-B467-DB0625ACB51D}.Debug|Any CPU.ActiveCfg = Debug|Any CPU
		{26DA8D25-90EE-4204-B467-DB0625ACB51D}.Debug|Any CPU.Build.0 = Debug|Any CPU
		{26DA8D25-90EE-4204-B467-DB0625ACB51D}.Release|Any CPU.ActiveCfg = Release|Any CPU
		{26DA8D25-90EE-4204-B467-DB0625ACB51D}.Release|Any CPU.Build.0 = Release|Any CPU
		{6E29C03A-5AD1-47CC-BE71-1BBE55E220E4}.Debug|Any CPU.ActiveCfg = Debug|Any CPU
		{6E29C03A-5AD1-47CC-BE71-1BBE55E220E4}.Debug|Any CPU.Build.0 = Debug|Any CPU
		{6E29C03A-5AD1-47CC-BE71-1BBE55E220E4}.Release|Any CPU.ActiveCfg = Release|Any CPU
		{6E29C03A-5AD1-47CC-BE71-1BBE55E220E4}.Release|Any CPU.Build.0 = Release|Any CPU
		{C88A067E-FE38-4EB0-9407-A6AEC530553F}.Debug|Any CPU.ActiveCfg = Debug|Any CPU
		{C88A067E-FE38-4EB0-9407-A6AEC530553F}.Debug|Any CPU.Build.0 = Debug|Any CPU
		{C88A067E-FE38-4EB0-9407-A6AEC530553F}.Release|Any CPU.ActiveCfg = Release|Any CPU
		{C88A067E-FE38-4EB0-9407-A6AEC530553F}.Release|Any CPU.Build.0 = Release|Any CPU
		{F90FD011-1828-41C2-B68B-3695D6B4851B}.Debug|Any CPU.ActiveCfg = Debug|Any CPU
		{F90FD011-1828-41C2-B68B-3695D6B4851B}.Debug|Any CPU.Build.0 = Debug|Any CPU
		{F90FD011-1828-41C2-B68B-3695D6B4851B}.Release|Any CPU.ActiveCfg = Release|Any CPU
		{F90FD011-1828-41C2-B68B-3695D6B4851B}.Release|Any CPU.Build.0 = Release|Any CPU
		{2F2A063E-1F02-4DA9-95D5-8B6BA085E00F}.Debug|Any CPU.ActiveCfg = Debug|Any CPU
		{2F2A063E-1F02-4DA9-95D5-8B6BA085E00F}.Debug|Any CPU.Build.0 = Debug|Any CPU
		{2F2A063E-1F02-4DA9-95D5-8B6BA085E00F}.Release|Any CPU.ActiveCfg = Release|Any CPU
		{2F2A063E-1F02-4DA9-95D5-8B6BA085E00F}.Release|Any CPU.Build.0 = Release|Any CPU
		{2CC258E7-0943-41B9-9877-C5DED0AE3D94}.Debug|Any CPU.ActiveCfg = Debug|Any CPU
		{2CC258E7-0943-41B9-9877-C5DED0AE3D94}.Debug|Any CPU.Build.0 = Debug|Any CPU
		{2CC258E7-0943-41B9-9877-C5DED0AE3D94}.Release|Any CPU.ActiveCfg = Release|Any CPU
		{2CC258E7-0943-41B9-9877-C5DED0AE3D94}.Release|Any CPU.Build.0 = Release|Any CPU
		{1125EECB-DCA7-4C08-8E64-2B9043FE7AAC}.Debug|Any CPU.ActiveCfg = Debug|Any CPU
		{1125EECB-DCA7-4C08-8E64-2B9043FE7AAC}.Debug|Any CPU.Build.0 = Debug|Any CPU
		{1125EECB-DCA7-4C08-8E64-2B9043FE7AAC}.Release|Any CPU.ActiveCfg = Release|Any CPU
		{1125EECB-DCA7-4C08-8E64-2B9043FE7AAC}.Release|Any CPU.Build.0 = Release|Any CPU
		{A583E4E5-696E-48CA-AFB7-52455D75FD90}.Debug|Any CPU.ActiveCfg = Debug|Any CPU
		{A583E4E5-696E-48CA-AFB7-52455D75FD90}.Debug|Any CPU.Build.0 = Debug|Any CPU
		{A583E4E5-696E-48CA-AFB7-52455D75FD90}.Release|Any CPU.ActiveCfg = Release|Any CPU
		{A583E4E5-696E-48CA-AFB7-52455D75FD90}.Release|Any CPU.Build.0 = Release|Any CPU
		{02ACCE19-7939-4FD3-A224-0272BF4C473F}.Debug|Any CPU.ActiveCfg = Debug|Any CPU
		{02ACCE19-7939-4FD3-A224-0272BF4C473F}.Debug|Any CPU.Build.0 = Debug|Any CPU
		{02ACCE19-7939-4FD3-A224-0272BF4C473F}.Release|Any CPU.ActiveCfg = Release|Any CPU
		{02ACCE19-7939-4FD3-A224-0272BF4C473F}.Release|Any CPU.Build.0 = Release|Any CPU
		{B6F1AD4E-3DD5-4C4F-8E7C-24FE6DB4B409}.Debug|Any CPU.ActiveCfg = Debug|Any CPU
		{B6F1AD4E-3DD5-4C4F-8E7C-24FE6DB4B409}.Debug|Any CPU.Build.0 = Debug|Any CPU
		{B6F1AD4E-3DD5-4C4F-8E7C-24FE6DB4B409}.Release|Any CPU.ActiveCfg = Release|Any CPU
		{B6F1AD4E-3DD5-4C4F-8E7C-24FE6DB4B409}.Release|Any CPU.Build.0 = Release|Any CPU
		{0E27C6B4-6E67-4F55-9B84-C820E593618C}.Debug|Any CPU.ActiveCfg = Debug|Any CPU
		{0E27C6B4-6E67-4F55-9B84-C820E593618C}.Debug|Any CPU.Build.0 = Debug|Any CPU
		{0E27C6B4-6E67-4F55-9B84-C820E593618C}.Release|Any CPU.ActiveCfg = Release|Any CPU
		{0E27C6B4-6E67-4F55-9B84-C820E593618C}.Release|Any CPU.Build.0 = Release|Any CPU
		{11580B40-5AF1-4925-8D56-B61AD8264FA2}.Debug|Any CPU.ActiveCfg = Debug|Any CPU
		{11580B40-5AF1-4925-8D56-B61AD8264FA2}.Debug|Any CPU.Build.0 = Debug|Any CPU
		{11580B40-5AF1-4925-8D56-B61AD8264FA2}.Release|Any CPU.ActiveCfg = Release|Any CPU
		{11580B40-5AF1-4925-8D56-B61AD8264FA2}.Release|Any CPU.Build.0 = Release|Any CPU
		{F5680E1F-EA28-44F9-BF0D-3FFB0A020CF3}.Debug|Any CPU.ActiveCfg = Debug|Any CPU
		{F5680E1F-EA28-44F9-BF0D-3FFB0A020CF3}.Debug|Any CPU.Build.0 = Debug|Any CPU
		{F5680E1F-EA28-44F9-BF0D-3FFB0A020CF3}.Release|Any CPU.ActiveCfg = Release|Any CPU
		{F5680E1F-EA28-44F9-BF0D-3FFB0A020CF3}.Release|Any CPU.Build.0 = Release|Any CPU
		{8401FC8E-0726-4733-9E35-1D0403C6FA26}.Debug|Any CPU.ActiveCfg = Debug|Any CPU
		{8401FC8E-0726-4733-9E35-1D0403C6FA26}.Debug|Any CPU.Build.0 = Debug|Any CPU
		{8401FC8E-0726-4733-9E35-1D0403C6FA26}.Release|Any CPU.ActiveCfg = Release|Any CPU
		{8401FC8E-0726-4733-9E35-1D0403C6FA26}.Release|Any CPU.Build.0 = Release|Any CPU
		{4D389174-8C76-4BD3-B337-4CB1CA710F8C}.Debug|Any CPU.ActiveCfg = Debug|Any CPU
		{4D389174-8C76-4BD3-B337-4CB1CA710F8C}.Debug|Any CPU.Build.0 = Debug|Any CPU
		{4D389174-8C76-4BD3-B337-4CB1CA710F8C}.Release|Any CPU.ActiveCfg = Release|Any CPU
		{4D389174-8C76-4BD3-B337-4CB1CA710F8C}.Release|Any CPU.Build.0 = Release|Any CPU
	EndGlobalSection
	GlobalSection(SolutionProperties) = preSolution
		HideSolutionNode = FALSE
	EndGlobalSection
	GlobalSection(ExtensibilityGlobals) = postSolution
		SolutionGuid = {0ABFF976-09DF-425D-9AD7-3E01DC6A8992}
	EndGlobalSection
EndGlobal
